PODS:
  - CombineCocoa (0.4.1)
  - CombineExt (1.8.0)
  - OpenCombine (0.13.0)
  - OpenCombineDispatch (0.13.0):
    - OpenCombine (>= 0.12.0)
  - OpenCombineFoundation (0.13.0):
    - OpenCombine (>= 0.12.0)

DEPENDENCIES:
  - CombineCocoa (from `../CombineCocoa/.`)
  - CombineExt (from `../CombineExt/.`)
  - OpenCombine (from `../`)
  - OpenCombineDispatch (from `../`)
  - OpenCombineFoundation (from `../`)

EXTERNAL SOURCES:
  CombineCocoa:
    :path: "../CombineCocoa/."
  CombineExt:
    :path: "../CombineExt/."
  OpenCombine:
    :path: "../"
  OpenCombineDispatch:
    :path: "../"
  OpenCombineFoundation:
    :path: "../"

SPEC CHECKSUMS:
  CombineCocoa: e5210dbfb480ff251078929459ac17e750e7af1d
  CombineExt: c4daa97ef75754d8ef319bd79edeef82652f3eea
  OpenCombine: 8d4ec617562967299e60007f32a73ce908eca14f
  OpenCombineDispatch: 107bf14a1bf2ac7441c347e9f1a3f08bf0b2d8f3
  OpenCombineFoundation: 15d690ae1df328cdb7182ebfc234570dedb9c469

PODFILE CHECKSUM: cb07b3859fa40d52038f65e00196a9e0d41ec7cd

COCOAPODS: 1.11.3
